
Microsoft Visual Studio Solution File, Format Version 12.00
# Visual Studio 15
VisualStudioVersion = 15.0.26403.3
MinimumVisualStudioVersion = 10.0.40219.1
Project("{8BC9CEB8-8B4A-11D0-8D11-00A0C91BC942}") = "Blink1", "Blink1\Blink1.vcxproj", "{C5F80730-F44F-4478-BDAE-6634EFC2CA88}"
EndProject
Project("{8BC9CEB8-8B4A-11D0-8D11-00A0C91BC942}") = "WebServer", "WebServer\WebServer.vcxproj", "{9A2AEE01-FDCB-49C5-86EA-438EBF934865}"
EndProject
Project("{8BC9CEB8-8B4A-11D0-8D11-00A0C91BC942}") = "WiFiScan", "WiFiScan\WiFiScan.vcxproj", "{9679A6B9-8FCF-4C41-8877-BCAB1D652CAA}"
EndProject
Project("{8BC9CEB8-8B4A-11D0-8D11-00A0C91BC942}") = "MQTT", "MQTT\MQTT.vcxproj", "{DAC77D88-D497-4325-A241-1A58FE45A625}"
EndProject
Project("{8BC9CEB8-8B4A-11D0-8D11-00A0C91BC942}") = "AdvancedWebServer", "AdvancedWebServer\AdvancedWebServer.vcxproj", "{A17A0AD9-6AAA-48AC-833C-F5C855050046}"
EndProject
Project("{8BC9CEB8-8B4A-11D0-8D11-00A0C91BC942}") = "OTA", "OTA\OTA.vcxproj", "{5EA4020A-1B12-47B6-810E-03F91F05EC68}"
EndProject
Project("{8BC9CEB8-8B4A-11D0-8D11-00A0C91BC942}") = "System", "System\System.vcxproj", "{3DF78408-90B9-4C39-B269-2996E3C9CA49}"
EndProject
Project("{8BC9CEB8-8B4A-11D0-8D11-00A0C91BC942}") = "WiFiClient", "WiFiClient\WiFiClient.vcxproj", "{D10DEC3F-7B20-4B57-9209-89C739D15976}"
EndProject
Project("{8BC9CEB8-8B4A-11D0-8D11-00A0C91BC942}") = "ConfigFile", "ConfigFile\ConfigFile.vcxproj", "{8398BA35-4EF5-4366-9A6F-96BA3F3079BB}"
EndProject
Project("{8BC9CEB8-8B4A-11D0-8D11-00A0C91BC942}") = "Temperature", "Temperature\Temperature.vcxproj", "{FE301D2A-4FB1-4B20-B0D7-AA0C333D7DD1}"
EndProject
Project("{8BC9CEB8-8B4A-11D0-8D11-00A0C91BC942}") = "Tests", "Tests\Tests.vcxproj", "{F287E30B-12AF-463F-972D-846121AC686C}"
EndProject
Project("{8BC9CEB8-8B4A-11D0-8D11-00A0C91BC942}") = "Node", "Node\Node.vcxproj", "{414066D6-C329-43E4-9125-82C0545B2F20}"
EndProject
Project("{8BC9CEB8-8B4A-11D0-8D11-00A0C91BC942}") = "WiFiAP", "WiFiAP\WiFiAP.vcxproj", "{C8A89D55-6654-459C-841D-96CB80175BA9}"
EndProject
Project("{8BC9CEB8-8B4A-11D0-8D11-00A0C91BC942}") = "Advanced", "Advanced\Advanced.vcxproj", "{245AE07F-DF24-485E-A528-01F887A0B29F}"
EndProject
Global
	GlobalSection(SolutionConfigurationPlatforms) = preSolution
		Debug|x86 = Debug|x86
		Release|x86 = Release|x86
	EndGlobalSection
	GlobalSection(ProjectConfigurationPlatforms) = postSolution
		{C5F80730-F44F-4478-BDAE-6634EFC2CA88}.Debug|x86.ActiveCfg = Debug|Win32
		{C5F80730-F44F-4478-BDAE-6634EFC2CA88}.Debug|x86.Build.0 = Debug|Win32
		{C5F80730-F44F-4478-BDAE-6634EFC2CA88}.Release|x86.ActiveCfg = Release|Win32
		{C5F80730-F44F-4478-BDAE-6634EFC2CA88}.Release|x86.Build.0 = Release|Win32
		{9A2AEE01-FDCB-49C5-86EA-438EBF934865}.Debug|x86.ActiveCfg = Debug|Win32
		{9A2AEE01-FDCB-49C5-86EA-438EBF934865}.Debug|x86.Build.0 = Debug|Win32
		{9A2AEE01-FDCB-49C5-86EA-438EBF934865}.Release|x86.ActiveCfg = Release|Win32
		{9A2AEE01-FDCB-49C5-86EA-438EBF934865}.Release|x86.Build.0 = Release|Win32
		{9679A6B9-8FCF-4C41-8877-BCAB1D652CAA}.Debug|x86.ActiveCfg = Debug|Win32
		{9679A6B9-8FCF-4C41-8877-BCAB1D652CAA}.Debug|x86.Build.0 = Debug|Win32
		{9679A6B9-8FCF-4C41-8877-BCAB1D652CAA}.Release|x86.ActiveCfg = Release|Win32
		{9679A6B9-8FCF-4C41-8877-BCAB1D652CAA}.Release|x86.Build.0 = Release|Win32
		{DAC77D88-D497-4325-A241-1A58FE45A625}.Debug|x86.ActiveCfg = Debug|Win32
		{DAC77D88-D497-4325-A241-1A58FE45A625}.Debug|x86.Build.0 = Debug|Win32
		{DAC77D88-D497-4325-A241-1A58FE45A625}.Release|x86.ActiveCfg = Release|Win32
		{DAC77D88-D497-4325-A241-1A58FE45A625}.Release|x86.Build.0 = Release|Win32
		{A17A0AD9-6AAA-48AC-833C-F5C855050046}.Debug|x86.ActiveCfg = Debug|Win32
		{A17A0AD9-6AAA-48AC-833C-F5C855050046}.Debug|x86.Build.0 = Debug|Win32
		{A17A0AD9-6AAA-48AC-833C-F5C855050046}.Release|x86.ActiveCfg = Release|Win32
		{A17A0AD9-6AAA-48AC-833C-F5C855050046}.Release|x86.Build.0 = Release|Win32
		{5EA4020A-1B12-47B6-810E-03F91F05EC68}.Debug|x86.ActiveCfg = Debug|Win32
		{5EA4020A-1B12-47B6-810E-03F91F05EC68}.Debug|x86.Build.0 = Debug|Win32
		{5EA4020A-1B12-47B6-810E-03F91F05EC68}.Release|x86.ActiveCfg = Release|Win32
		{5EA4020A-1B12-47B6-810E-03F91F05EC68}.Release|x86.Build.0 = Release|Win32
		{3DF78408-90B9-4C39-B269-2996E3C9CA49}.Debug|x86.ActiveCfg = Debug|Win32
		{3DF78408-90B9-4C39-B269-2996E3C9CA49}.Debug|x86.Build.0 = Debug|Win32
		{3DF78408-90B9-4C39-B269-2996E3C9CA49}.Release|x86.ActiveCfg = Release|Win32
		{3DF78408-90B9-4C39-B269-2996E3C9CA49}.Release|x86.Build.0 = Release|Win32
		{D10DEC3F-7B20-4B57-9209-89C739D15976}.Debug|x86.ActiveCfg = Debug|Win32
		{D10DEC3F-7B20-4B57-9209-89C739D15976}.Debug|x86.Build.0 = Debug|Win32
		{D10DEC3F-7B20-4B57-9209-89C739D15976}.Release|x86.ActiveCfg = Release|Win32
		{D10DEC3F-7B20-4B57-9209-89C739D15976}.Release|x86.Build.0 = Release|Win32
		{8398BA35-4EF5-4366-9A6F-96BA3F3079BB}.Debug|x86.ActiveCfg = Debug|Win32
		{8398BA35-4EF5-4366-9A6F-96BA3F3079BB}.Debug|x86.Build.0 = Debug|Win32
		{8398BA35-4EF5-4366-9A6F-96BA3F3079BB}.Release|x86.ActiveCfg = Release|Win32
		{8398BA35-4EF5-4366-9A6F-96BA3F3079BB}.Release|x86.Build.0 = Release|Win32
		{FE301D2A-4FB1-4B20-B0D7-AA0C333D7DD1}.Debug|x86.ActiveCfg = Debug|Win32
		{FE301D2A-4FB1-4B20-B0D7-AA0C333D7DD1}.Debug|x86.Build.0 = Debug|Win32
		{FE301D2A-4FB1-4B20-B0D7-AA0C333D7DD1}.Release|x86.ActiveCfg = Release|Win32
		{FE301D2A-4FB1-4B20-B0D7-AA0C333D7DD1}.Release|x86.Build.0 = Release|Win32
		{F287E30B-12AF-463F-972D-846121AC686C}.Debug|x86.ActiveCfg = Debug|Win32
		{F287E30B-12AF-463F-972D-846121AC686C}.Debug|x86.Build.0 = Debug|Win32
		{F287E30B-12AF-463F-972D-846121AC686C}.Release|x86.ActiveCfg = Release|Win32
		{F287E30B-12AF-463F-972D-846121AC686C}.Release|x86.Build.0 = Release|Win32
		{414066D6-C329-43E4-9125-82C0545B2F20}.Debug|x86.ActiveCfg = Debug|Win32
		{414066D6-C329-43E4-9125-82C0545B2F20}.Debug|x86.Build.0 = Debug|Win32
		{414066D6-C329-43E4-9125-82C0545B2F20}.Release|x86.ActiveCfg = Release|Win32
		{414066D6-C329-43E4-9125-82C0545B2F20}.Release|x86.Build.0 = Release|Win32
		{C8A89D55-6654-459C-841D-96CB80175BA9}.Debug|x86.ActiveCfg = Debug|Win32
		{C8A89D55-6654-459C-841D-96CB80175BA9}.Debug|x86.Build.0 = Debug|Win32
		{C8A89D55-6654-459C-841D-96CB80175BA9}.Release|x86.ActiveCfg = Release|Win32
		{C8A89D55-6654-459C-841D-96CB80175BA9}.Release|x86.Build.0 = Release|Win32
		{245AE07F-DF24-485E-A528-01F887A0B29F}.Debug|x86.ActiveCfg = Debug|Win32
		{245AE07F-DF24-485E-A528-01F887A0B29F}.Debug|x86.Build.0 = Debug|Win32
		{245AE07F-DF24-485E-A528-01F887A0B29F}.Release|x86.ActiveCfg = Release|Win32
		{245AE07F-DF24-485E-A528-01F887A0B29F}.Release|x86.Build.0 = Release|Win32
	EndGlobalSection
	GlobalSection(SolutionProperties) = preSolution
		HideSolutionNode = FALSE
	EndGlobalSection
EndGlobal
