
Microsoft Visual Studio Solution File, Format Version 12.00
# Visual Studio 15
VisualStudioVersion = 15.0.26403.3
MinimumVisualStudioVersion = 10.0.40219.1
Project("{8BC9CEB8-8B4A-11D0-8D11-00A0C91BC942}") = "Blink1", "Blink1\Blink1.vcxproj", "{C5F80730-F44F-4478-BDAE-6634EFC2CA88}"
EndProject
Project("{8BC9CEB8-8B4A-11D0-8D11-00A0C91BC942}") = "WebServer", "WebServer\WebServer.vcxproj", "{9A2AEE01-FDCB-49C5-86EA-438EBF934865}"
EndProject
Project("{8BC9CEB8-8B4A-11D0-8D11-00A0C91BC942}") = "WiFiScan", "WiFiScan\WiFiScan.vcxproj", "{9679A6B9-8FCF-4C41-8877-BCAB1D652CAA}"
EndProject
Project("{8BC9CEB8-8B4A-11D0-8D11-00A0C91BC942}") = "MQTT", "MQTT\MQTT.vcxproj", "{DAC77D88-D497-4325-A241-1A58FE45A625}"
EndProject
Project("{8BC9CEB8-8B4A-11D0-8D11-00A0C91BC942}") = "AdvancedWebServer", "AdvancedWebServer\AdvancedWebServer.vcxproj", "{A17A0AD9-6AAA-48AC-833C-F5C855050046}"
EndProject
Project("{8BC9CEB8-8B4A-11D0-8D11-00A0C91BC942}") = "OTA", "OTA\OTA.vcxproj", "{5EA4020A-1B12-47B6-810E-03F91F05EC68}"
EndProject
Project("{8BC9CEB8-8B4A-11D0-8D11-00A0C91BC942}") = "System", "System\System.vcxproj", "{3DF78408-90B9-4C39-B269-2996E3C9CA49}"
EndProject
Global
	GlobalSection(SolutionConfigurationPlatforms) = preSolution
		Debug|x86 = Debug|x86
		Release|x86 = Release|x86
	EndGlobalSection
	GlobalSection(ProjectConfigurationPlatforms) = postSolution
		{C5F80730-F44F-4478-BDAE-6634EFC2CA88}.Debug|x86.ActiveCfg = Debug|Win32
		{C5F80730-F44F-4478-BDAE-6634EFC2CA88}.Debug|x86.Build.0 = Debug|Win32
		{C5F80730-F44F-4478-BDAE-6634EFC2CA88}.Release|x86.ActiveCfg = Release|Win32
		{C5F80730-F44F-4478-BDAE-6634EFC2CA88}.Release|x86.Build.0 = Release|Win32
		{9A2AEE01-FDCB-49C5-86EA-438EBF934865}.Debug|x86.ActiveCfg = Debug|Win32
		{9A2AEE01-FDCB-49C5-86EA-438EBF934865}.Debug|x86.Build.0 = Debug|Win32
		{9A2AEE01-FDCB-49C5-86EA-438EBF934865}.Release|x86.ActiveCfg = Release|Win32
		{9A2AEE01-FDCB-49C5-86EA-438EBF934865}.Release|x86.Build.0 = Release|Win32
		{9679A6B9-8FCF-4C41-8877-BCAB1D652CAA}.Debug|x86.ActiveCfg = Debug|Win32
		{9679A6B9-8FCF-4C41-8877-BCAB1D652CAA}.Debug|x86.Build.0 = Debug|Win32
		{9679A6B9-8FCF-4C41-8877-BCAB1D652CAA}.Release|x86.ActiveCfg = Release|Win32
		{9679A6B9-8FCF-4C41-8877-BCAB1D652CAA}.Release|x86.Build.0 = Release|Win32
		{DAC77D88-D497-4325-A241-1A58FE45A625}.Debug|x86.ActiveCfg = Debug|Win32
		{DAC77D88-D497-4325-A241-1A58FE45A625}.Debug|x86.Build.0 = Debug|Win32
		{DAC77D88-D497-4325-A241-1A58FE45A625}.Release|x86.ActiveCfg = Release|Win32
		{DAC77D88-D497-4325-A241-1A58FE45A625}.Release|x86.Build.0 = Release|Win32
		{A17A0AD9-6AAA-48AC-833C-F5C855050046}.Debug|x86.ActiveCfg = Debug|Win32
		{A17A0AD9-6AAA-48AC-833C-F5C855050046}.Debug|x86.Build.0 = Debug|Win32
		{A17A0AD9-6AAA-48AC-833C-F5C855050046}.Release|x86.ActiveCfg = Release|Win32
		{A17A0AD9-6AAA-48AC-833C-F5C855050046}.Release|x86.Build.0 = Release|Win32
		{5EA4020A-1B12-47B6-810E-03F91F05EC68}.Debug|x86.ActiveCfg = Debug|Win32
		{5EA4020A-1B12-47B6-810E-03F91F05EC68}.Debug|x86.Build.0 = Debug|Win32
		{5EA4020A-1B12-47B6-810E-03F91F05EC68}.Release|x86.ActiveCfg = Release|Win32
		{5EA4020A-1B12-47B6-810E-03F91F05EC68}.Release|x86.Build.0 = Release|Win32
		{3DF78408-90B9-4C39-B269-2996E3C9CA49}.Debug|x86.ActiveCfg = Debug|Win32
		{3DF78408-90B9-4C39-B269-2996E3C9CA49}.Debug|x86.Build.0 = Debug|Win32
		{3DF78408-90B9-4C39-B269-2996E3C9CA49}.Release|x86.ActiveCfg = Release|Win32
		{3DF78408-90B9-4C39-B269-2996E3C9CA49}.Release|x86.Build.0 = Release|Win32
	EndGlobalSection
	GlobalSection(SolutionProperties) = preSolution
		HideSolutionNode = FALSE
	EndGlobalSection
EndGlobal
